
Microsoft Visual Studio Solution File, Format Version 12.00
# Visual Studio Version 16
VisualStudioVersion = 16.0.31205.134
MinimumVisualStudioVersion = 10.0.40219.1
Project("{FAE04EC0-301F-11D3-BF4B-00C04F79EFBC}") = "PercentLibrary", "PercentLibrary\PercentLibrary.csproj", "{B994158F-6635-462A-9A82-8C546702A438}"
EndProject
Global
	GlobalSection(SolutionConfigurationPlatforms) = preSolution
		Debug|Any CPU = Debug|Any CPU
		Release|Any CPU = Release|Any CPU
	EndGlobalSection
	GlobalSection(ProjectConfigurationPlatforms) = postSolution
		{B994158F-6635-462A-9A82-8C546702A438}.Debug|Any CPU.ActiveCfg = Debug|Any CPU
		{B994158F-6635-462A-9A82-8C546702A438}.Debug|Any CPU.Build.0 = Debug|Any CPU
		{B994158F-6635-462A-9A82-8C546702A438}.Release|Any CPU.ActiveCfg = Release|Any CPU
		{B994158F-6635-462A-9A82-8C546702A438}.Release|Any CPU.Build.0 = Release|Any CPU
	EndGlobalSection
	GlobalSection(SolutionProperties) = preSolution
		HideSolutionNode = FALSE
	EndGlobalSection
	GlobalSection(ExtensibilityGlobals) = postSolution
		SolutionGuid = {C564AC81-C6CA-42B0-A0BA-2678AAA9D1D0}
	EndGlobalSection
EndGlobal
